<?xml version="1.0" encoding="utf-8"?>
<Project ToolsVersion="4.0" xmlns="http://schemas.microsoft.com/developer/msbuild/2003">
  <ItemGroup>
    <Filter Include="Source">
      <UniqueIdentifier>{4FC737F1-C7A5-4376-A066-2A32D752A2FF}</UniqueIdentifier>
      <Extensions>cpp;c;cc;cxx;c++;cppm;ixx;def;odl;idl;hpj;bat;asm;asmx</Extensions>
    </Filter>
    <Filter Include="Source\Core">
      <UniqueIdentifier>{1adeb795-0d96-48fb-a9b5-ff0a3dae719e}</UniqueIdentifier>
    </Filter>
    <Filter Include="Source\Modules">
      <UniqueIdentifier>{0d9b71be-99db-409b-a2ed-b48002ffc9f7}</UniqueIdentifier>
    </Filter>
    <Filter Include="Source\Modules\GarbageCollector">
      <UniqueIdentifier>{e6f432d8-7862-4869-a7df-7c8aed9f8ef2}</UniqueIdentifier>
    </Filter>
    <Filter Include="Source\Modules\Window">
      <UniqueIdentifier>{be6aa6e6-84d2-4e2b-820a-8dec30677646}</UniqueIdentifier>
    </Filter>
    <Filter Include="Source\Objects">
      <UniqueIdentifier>{37cc2e9f-0278-451f-8f86-b5d7bd3ca247}</UniqueIdentifier>
    </Filter>
    <Filter Include="Source\Objects\Object">
      <UniqueIdentifier>{0ab7fe8e-db26-435c-9c57-3d9ce19e26b6}</UniqueIdentifier>
    </Filter>
    <Filter Include="Source\Objects\Class">
      <UniqueIdentifier>{5853d25c-85fd-48f0-8d32-f105964ab6a7}</UniqueIdentifier>
    </Filter>
    <Filter Include="Source\Objects\RawObject">
      <UniqueIdentifier>{78be9f9f-0de3-46ec-95bd-14049ce42fc5}</UniqueIdentifier>
    </Filter>
    <Filter Include="Source\Objects\Actor">
      <UniqueIdentifier>{d355788a-4166-4ebc-a236-3dfac6aa53ac}</UniqueIdentifier>
    </Filter>
    <Filter Include="Source\Objects\Mode">
      <UniqueIdentifier>{05a0b9b5-4c83-4f06-acbc-7d5594b145e2}</UniqueIdentifier>
    </Filter>
    <Filter Include="Source\Modules\Logger">
      <UniqueIdentifier>{2461e612-eec4-4d2b-8dd7-378ad7e0f5f8}</UniqueIdentifier>
    </Filter>
    <Filter Include="Source\Core\Engine">
      <UniqueIdentifier>{c342a2ad-0bc0-4247-aa81-f5024f54dbce}</UniqueIdentifier>
    </Filter>
    <Filter Include="Source\Objects\Character">
      <UniqueIdentifier>{8437a13a-db4a-4678-bf21-6ddd752513c3}</UniqueIdentifier>
    </Filter>
    <Filter Include="Source\Objects\Pawn">
      <UniqueIdentifier>{80443288-e88c-4ca3-af3c-52e62f5a5b57}</UniqueIdentifier>
    </Filter>
    <Filter Include="Source\Objects\Controller">
      <UniqueIdentifier>{db77b3d2-834a-4777-9c1b-8ea3be2a70db}</UniqueIdentifier>
    </Filter>
    <Filter Include="Source\Objects\ActorComponent">
      <UniqueIdentifier>{5ad3e941-be4c-4487-b1e1-0c4c8e5d8b59}</UniqueIdentifier>
    </Filter>
    <Filter Include="Source\Objects\Delegates">
      <UniqueIdentifier>{7bb72636-9c59-46fc-9c39-9fa8484a29ec}</UniqueIdentifier>
    </Filter>
  </ItemGroup>
  <ItemGroup>
    <ClCompile Include="Source\pch.cpp">
      <Filter>Source</Filter>
    </ClCompile>
    <ClCompile Include="Source\Modules\GarbageCollector\GarbageCollector.cpp">
      <Filter>Source\Modules\GarbageCollector</Filter>
    </ClCompile>
    <ClCompile Include="Source\Modules\Window\Window.cpp">
      <Filter>Source\Modules\Window</Filter>
    </ClCompile>
    <ClCompile Include="Source\Core\main.cpp">
      <Filter>Source\Core</Filter>
    </ClCompile>
    <ClCompile Include="Source\Modules\BaseModule.cpp">
      <Filter>Source\Modules</Filter>
    </ClCompile>
    <ClCompile Include="Source\Objects\RawObject\RawObject.cpp">
      <Filter>Source\Objects\RawObject</Filter>
    </ClCompile>
    <ClCompile Include="Source\Objects\Class\Class.cpp">
      <Filter>Source\Objects\Class</Filter>
    </ClCompile>
    <ClCompile Include="Source\Objects\Object\Object.cpp">
      <Filter>Source\Objects\Object</Filter>
    </ClCompile>
    <ClCompile Include="Source\Objects\Actor\Actor.cpp">
      <Filter>Source\Objects\Actor</Filter>
    </ClCompile>
    <ClCompile Include="Source\Objects\Class\TSubclassOf.cpp">
      <Filter>Source\Objects\Class</Filter>
    </ClCompile>
    <ClCompile Include="Source\Objects\Mode\Mode.cpp">
      <Filter>Source\Objects\Mode</Filter>
    </ClCompile>
    <ClCompile Include="Source\Modules\Logger\Logger.cpp">
      <Filter>Source\Modules\Logger</Filter>
    </ClCompile>
    <ClCompile Include="Source\Core\Engine\Engine.cpp">
      <Filter>Source\Core\Engine</Filter>
    </ClCompile>
    <ClCompile Include="Source\Objects\Pawn\Pawn.cpp">
      <Filter>Source\Objects\Pawn</Filter>
    </ClCompile>
    <ClCompile Include="Source\Objects\Controller\Controller.cpp">
      <Filter>Source\Objects\Controller</Filter>
    </ClCompile>
    <ClCompile Include="Source\Objects\Character\Character.cpp">
      <Filter>Source\Objects\Character</Filter>
    </ClCompile>
    <ClCompile Include="Source\Objects\ActorComponent\ActorComponent.cpp">
      <Filter>Source\Objects\ActorComponent</Filter>
    </ClCompile>
    <ClCompile Include="Source\Objects\ActorComponent\InputComponent.cpp">
      <Filter>Source\Objects\ActorComponent</Filter>
    </ClCompile>
    <ClCompile Include="Source\Objects\ActorComponent\MovementComponent.cpp">
      <Filter>Source\Objects\ActorComponent</Filter>
    </ClCompile>
    <ClCompile Include="Source\Objects\Delegates\Delegate.cpp">
      <Filter>Source\Objects\Delegates</Filter>
    </ClCompile>
  </ItemGroup>
  <ItemGroup>
    <ClInclude Include="Source\pch.h">
      <Filter>Source</Filter>
    </ClInclude>
    <ClInclude Include="Source\Modules\GarbageCollector\GarbageCollector.h">
      <Filter>Source\Modules\GarbageCollector</Filter>
    </ClInclude>
    <ClInclude Include="Source\Modules\Window\Window.h">
      <Filter>Source\Modules\Window</Filter>
    </ClInclude>
    <ClInclude Include="Source\Modules\BaseModule.h">
      <Filter>Source\Modules</Filter>
    </ClInclude>
    <ClInclude Include="Source\Objects\RawObject\RawObject.h">
      <Filter>Source\Objects\RawObject</Filter>
    </ClInclude>
    <ClInclude Include="Source\Objects\Class\Class.h">
      <Filter>Source\Objects\Class</Filter>
    </ClInclude>
    <ClInclude Include="Source\Objects\Object\Object.h">
      <Filter>Source\Objects\Object</Filter>
    </ClInclude>
    <ClInclude Include="Source\Objects\Actor\Actor.h">
      <Filter>Source\Objects\Actor</Filter>
    </ClInclude>
    <ClInclude Include="Source\Objects\Class\TSubclassOf.h">
      <Filter>Source\Objects\Class</Filter>
    </ClInclude>
    <ClInclude Include="Source\Objects\Mode\Mode.h">
      <Filter>Source\Objects\Mode</Filter>
    </ClInclude>
    <ClInclude Include="Source\Modules\Logger\Logger.h">
      <Filter>Source\Modules\Logger</Filter>
    </ClInclude>
    <ClInclude Include="Source\Core\MinimalCore.h">
      <Filter>Source\Core</Filter>
    </ClInclude>
    <ClInclude Include="Source\Core\Engine\Engine.h">
      <Filter>Source\Core\Engine</Filter>
    </ClInclude>
    <ClInclude Include="Source\Objects\Pawn\Pawn.h">
      <Filter>Source\Objects\Pawn</Filter>
    </ClInclude>
    <ClInclude Include="Source\Objects\Controller\Controller.h">
      <Filter>Source\Objects\Controller</Filter>
    </ClInclude>
    <ClInclude Include="Source\Objects\Character\Character.h">
      <Filter>Source\Objects\Character</Filter>
    </ClInclude>
    <ClInclude Include="Source\Objects\ActorComponent\ActorComponent.h">
      <Filter>Source\Objects\ActorComponent</Filter>
    </ClInclude>
    <ClInclude Include="Source\Objects\ActorComponent\InputComponent.h">
      <Filter>Source\Objects\ActorComponent</Filter>
    </ClInclude>
    <ClInclude Include="Source\Objects\ActorComponent\MovementComponent.h">
      <Filter>Source\Objects\ActorComponent</Filter>
    </ClInclude>
    <ClInclude Include="Source\Objects\Delegates\Delegate.h">
      <Filter>Source\Objects\Delegates</Filter>
    </ClInclude>
  </ItemGroup>
</Project>