<?xml version="1.0" encoding="utf-8"?>
<Project ToolsVersion="4.0" xmlns="http://schemas.microsoft.com/developer/msbuild/2003">
  <ItemGroup>
    <Filter Include="Source">
      <UniqueIdentifier>{4FC737F1-C7A5-4376-A066-2A32D752A2FF}</UniqueIdentifier>
      <Extensions>cpp;c;cc;cxx;c++;cppm;ixx;def;odl;idl;hpj;bat;asm;asmx</Extensions>
    </Filter>
    <Filter Include="Source\Core">
      <UniqueIdentifier>{67DA6AB6-F800-4c08-8B7A-83BB121AAD01}</UniqueIdentifier>
      <Extensions>rc;ico;cur;bmp;dlg;rc2;rct;bin;rgs;gif;jpg;jpeg;jpe;resx;tiff;tif;png;wav;mfcribbon-ms</Extensions>
    </Filter>
    <Filter Include="Source\Actors">
      <UniqueIdentifier>{93995380-89BD-4b04-88EB-625FBE52EBFB}</UniqueIdentifier>
      <Extensions>h;hh;hpp;hxx;h++;hm;inl;inc;ipp;xsd</Extensions>
    </Filter>
    <Filter Include="Source\Modes">
      <UniqueIdentifier>{4e9749a5-e987-40a5-bca3-f638ad356a63}</UniqueIdentifier>
    </Filter>
    <Filter Include="Source\Characters">
      <UniqueIdentifier>{ae346cf4-6602-40e8-8e52-fade6faa5507}</UniqueIdentifier>
    </Filter>
  </ItemGroup>
  <ItemGroup>
    <ClCompile Include="Source\Core\main.cpp">
      <Filter>Source\Core</Filter>
    </ClCompile>
    <ClCompile Include="Source\Actors\TestActor.cpp">
      <Filter>Source\Actors</Filter>
    </ClCompile>
    <ClCompile Include="Source\Modes\TestMode.cpp">
      <Filter>Source\Modes</Filter>
    </ClCompile>
    <ClCompile Include="Source\Characters\TestCharacter.cpp">
      <Filter>Source\Characters</Filter>
    </ClCompile>
  </ItemGroup>
  <ItemGroup>
    <ClInclude Include="Source\Actors\TestActor.h">
      <Filter>Source\Actors</Filter>
    </ClInclude>
    <ClInclude Include="Source\Modes\TestMode.h">
      <Filter>Source\Modes</Filter>
    </ClInclude>
    <ClInclude Include="Source\Characters\TestCharacter.h">
      <Filter>Source\Characters</Filter>
    </ClInclude>
  </ItemGroup>
</Project>